
Microsoft Visual Studio Solution File, Format Version 12.00
# Visual Studio Version 16
VisualStudioVersion = 16.0.30523.141
MinimumVisualStudioVersion = 10.0.40219.1
Project("{9A19103F-16F7-4668-BE54-9A1E7A4F7556}") = "Mmu.Mlh.EfDataAccess", "Sources\Application\Mmu.Mlh.EfDataAccess.csproj", "{8AA9FC8F-A64E-4F7A-8B25-39D5A7A0BB8F}"
EndProject
Project("{9A19103F-16F7-4668-BE54-9A1E7A4F7556}") = "Mmu.Mlh.EfDataAccess.IntegrationTests", "Sources\IntegrationTests\Mmu.Mlh.EfDataAccess.IntegrationTests.csproj", "{319548D8-FF37-4155-AF37-047E7A737E2F}"
EndProject
Project("{9A19103F-16F7-4668-BE54-9A1E7A4F7556}") = "Mmu.Mlh.EfDataAccess.FakeApp", "Sources\FakeApp\Mmu.Mlh.EfDataAccess.FakeApp.csproj", "{FA788F70-81D1-4A3F-B5EA-C5FC279F0A8B}"
EndProject
Global
	GlobalSection(SolutionConfigurationPlatforms) = preSolution
		Debug|Any CPU = Debug|Any CPU
		Release|Any CPU = Release|Any CPU
	EndGlobalSection
	GlobalSection(ProjectConfigurationPlatforms) = postSolution
		{8AA9FC8F-A64E-4F7A-8B25-39D5A7A0BB8F}.Debug|Any CPU.ActiveCfg = Debug|Any CPU
		{8AA9FC8F-A64E-4F7A-8B25-39D5A7A0BB8F}.Debug|Any CPU.Build.0 = Debug|Any CPU
		{8AA9FC8F-A64E-4F7A-8B25-39D5A7A0BB8F}.Release|Any CPU.ActiveCfg = Release|Any CPU
		{8AA9FC8F-A64E-4F7A-8B25-39D5A7A0BB8F}.Release|Any CPU.Build.0 = Release|Any CPU
		{319548D8-FF37-4155-AF37-047E7A737E2F}.Debug|Any CPU.ActiveCfg = Debug|Any CPU
		{319548D8-FF37-4155-AF37-047E7A737E2F}.Debug|Any CPU.Build.0 = Debug|Any CPU
		{319548D8-FF37-4155-AF37-047E7A737E2F}.Release|Any CPU.ActiveCfg = Release|Any CPU
		{319548D8-FF37-4155-AF37-047E7A737E2F}.Release|Any CPU.Build.0 = Release|Any CPU
		{FA788F70-81D1-4A3F-B5EA-C5FC279F0A8B}.Debug|Any CPU.ActiveCfg = Debug|Any CPU
		{FA788F70-81D1-4A3F-B5EA-C5FC279F0A8B}.Debug|Any CPU.Build.0 = Debug|Any CPU
		{FA788F70-81D1-4A3F-B5EA-C5FC279F0A8B}.Release|Any CPU.ActiveCfg = Release|Any CPU
		{FA788F70-81D1-4A3F-B5EA-C5FC279F0A8B}.Release|Any CPU.Build.0 = Release|Any CPU
	EndGlobalSection
	GlobalSection(SolutionProperties) = preSolution
		HideSolutionNode = FALSE
	EndGlobalSection
	GlobalSection(ExtensibilityGlobals) = postSolution
		SolutionGuid = {31522AF5-3B03-4C56-BA4F-4D42B5810EF6}
	EndGlobalSection
EndGlobal
